
Microsoft Visual Studio Solution File, Format Version 12.00
# Visual Studio 15
Project("{FAE04EC0-301F-11D3-BF4B-00C04F79EFBC}") = "Unity.TextMeshPro", "Unity.TextMeshPro.csproj", "{932A1536-D73B-3923-B211-940F2556035C}"
EndProject
Project("{FAE04EC0-301F-11D3-BF4B-00C04F79EFBC}") = "Unity.Mathematics", "Unity.Mathematics.csproj", "{70500260-0856-6CCE-2E6A-0EB0B2239817}"
EndProject
Project("{FAE04EC0-301F-11D3-BF4B-00C04F79EFBC}") = "Unity.2D.Common.Runtime", "Unity.2D.Common.Runtime.csproj", "{910A07CB-A925-72BD-3826-91656C1F0593}"
EndProject
Project("{FAE04EC0-301F-11D3-BF4B-00C04F79EFBC}") = "UnityEditor.UI", "UnityEditor.UI.csproj", "{C26DCC5D-A5EA-FC77-29F8-DCBD67B0E194}"
EndProject
Project("{FAE04EC0-301F-11D3-BF4B-00C04F79EFBC}") = "Unity.Burst", "Unity.Burst.csproj", "{E52CEFDD-C89B-538F-FAC2-678C9C4DB1F1}"
EndProject
Project("{FAE04EC0-301F-11D3-BF4B-00C04F79EFBC}") = "Unity.TextMeshPro.Editor", "Unity.TextMeshPro.Editor.csproj", "{42AF865E-FB83-B62F-5EAD-6D1AC4F024A6}"
EndProject
Project("{FAE04EC0-301F-11D3-BF4B-00C04F79EFBC}") = "Unity.VisualStudio.Editor", "Unity.VisualStudio.Editor.csproj", "{7D8AF279-4E2B-D4E3-F5E9-2E84056456A3}"
EndProject
Project("{FAE04EC0-301F-11D3-BF4B-00C04F79EFBC}") = "UnityEngine.TestRunner", "UnityEngine.TestRunner.csproj", "{5F4179DE-79EF-B9BA-7B7C-A765A5BD445D}"
EndProject
Project("{FAE04EC0-301F-11D3-BF4B-00C04F79EFBC}") = "UnityEditor.TestRunner", "UnityEditor.TestRunner.csproj", "{A1CC7418-63E0-E192-9B83-1050E64EE725}"
EndProject
Project("{FAE04EC0-301F-11D3-BF4B-00C04F79EFBC}") = "Unity.2D.Sprite.Editor", "Unity.2D.Sprite.Editor.csproj", "{C7BB0728-9236-DDAF-4EF6-3A23108F90EC}"
EndProject
Project("{FAE04EC0-301F-11D3-BF4B-00C04F79EFBC}") = "UnityEngine.UI", "UnityEngine.UI.csproj", "{EE658606-60FD-0787-81A4-817DAC28B7B1}"
EndProject
Project("{FAE04EC0-301F-11D3-BF4B-00C04F79EFBC}") = "Unity.2D.Common.Path.Editor", "Unity.2D.Common.Path.Editor.csproj", "{00070BA3-22FA-0CC2-9D81-D8BD284273CF}"
EndProject
Project("{FAE04EC0-301F-11D3-BF4B-00C04F79EFBC}") = "Assembly-CSharp", "Assembly-CSharp.csproj", "{28BBA9C8-DEB4-3DCF-DCFA-4A7236070067}"
EndProject
Project("{FAE04EC0-301F-11D3-BF4B-00C04F79EFBC}") = "Unity.InternalAPIEngineBridge.001", "Unity.InternalAPIEngineBridge.001.csproj", "{73C2A022-9876-8D08-C33E-71446353642B}"
EndProject
Project("{FAE04EC0-301F-11D3-BF4B-00C04F79EFBC}") = "Unity.Burst.Editor", "Unity.Burst.Editor.csproj", "{87A4A585-224D-CD08-F45F-0FD01F27F06B}"
EndProject
Project("{FAE04EC0-301F-11D3-BF4B-00C04F79EFBC}") = "Unity.AI.Navigation.Editor", "Unity.AI.Navigation.Editor.csproj", "{84F8C193-E5BC-18D0-24F5-2338B7A19D6A}"
EndProject
Project("{FAE04EC0-301F-11D3-BF4B-00C04F79EFBC}") = "Unity.2D.SpriteShape.Editor", "Unity.2D.SpriteShape.Editor.csproj", "{9DBF7B7A-E15E-29F3-FFAD-3A12FB107A3C}"
EndProject
Project("{FAE04EC0-301F-11D3-BF4B-00C04F79EFBC}") = "Unity.2D.SpriteShape.Runtime", "Unity.2D.SpriteShape.Runtime.csproj", "{F0BB4861-2D92-36AC-FEC8-58297EE3FB61}"
EndProject
Project("{FAE04EC0-301F-11D3-BF4B-00C04F79EFBC}") = "Unity.VSCode.Editor", "Unity.VSCode.Editor.csproj", "{C84FB3ED-C72D-A1D3-2BB9-7B472316CDB4}"
EndProject
Project("{FAE04EC0-301F-11D3-BF4B-00C04F79EFBC}") = "Unity.InternalAPIEditorBridge.001", "Unity.InternalAPIEditorBridge.001.csproj", "{9C42D67E-147A-F726-9998-12FCDB9F295B}"
EndProject
Project("{FAE04EC0-301F-11D3-BF4B-00C04F79EFBC}") = "Unity.AI.Navigation.Updater", "Unity.AI.Navigation.Updater.csproj", "{DAE9E413-E1D8-A523-F529-7D351BB85EF6}"
EndProject
Project("{FAE04EC0-301F-11D3-BF4B-00C04F79EFBC}") = "Unity.AI.Navigation", "Unity.AI.Navigation.csproj", "{6082C616-DB29-0AD9-0F3C-9CA962DAF196}"
EndProject
Project("{FAE04EC0-301F-11D3-BF4B-00C04F79EFBC}") = "Unity.Burst.CodeGen", "Unity.Burst.CodeGen.csproj", "{B7D804F5-6D73-B7F5-CBE1-7353201A8EEE}"
EndProject
Project("{FAE04EC0-301F-11D3-BF4B-00C04F79EFBC}") = "Unity.2D.Common.Editor", "Unity.2D.Common.Editor.csproj", "{1CF3207B-6482-C2FB-6A81-8AB94E0E23E3}"
EndProject
Project("{FAE04EC0-301F-11D3-BF4B-00C04F79EFBC}") = "Unity.AI.Navigation.Editor.ConversionSystem", "Unity.AI.Navigation.Editor.ConversionSystem.csproj", "{2059FA24-10D0-6228-C827-E7917B375983}"
EndProject
Project("{FAE04EC0-301F-11D3-BF4B-00C04F79EFBC}") = "Unity.Mathematics.Editor", "Unity.Mathematics.Editor.csproj", "{EE78CDB8-189C-D8B5-7392-F39048AED134}"
EndProject
Global
	GlobalSection(SolutionConfigurationPlatforms) = preSolution
		Debug|Any CPU = Debug|Any CPU
		Release|Any CPU = Release|Any CPU
	EndGlobalSection
	GlobalSection(ProjectConfigurationPlatforms) = postSolution
		{932A1536-D73B-3923-B211-940F2556035C}.Debug|Any CPU.ActiveCfg = Debug|Any CPU
		{932A1536-D73B-3923-B211-940F2556035C}.Debug|Any CPU.Build.0 = Debug|Any CPU
		{932A1536-D73B-3923-B211-940F2556035C}.Release|Any CPU.ActiveCfg = Release|Any CPU
		{932A1536-D73B-3923-B211-940F2556035C}.Release|Any CPU.Build.0 = Release|Any CPU
		{70500260-0856-6CCE-2E6A-0EB0B2239817}.Debug|Any CPU.ActiveCfg = Debug|Any CPU
		{70500260-0856-6CCE-2E6A-0EB0B2239817}.Debug|Any CPU.Build.0 = Debug|Any CPU
		{70500260-0856-6CCE-2E6A-0EB0B2239817}.Release|Any CPU.ActiveCfg = Release|Any CPU
		{70500260-0856-6CCE-2E6A-0EB0B2239817}.Release|Any CPU.Build.0 = Release|Any CPU
		{910A07CB-A925-72BD-3826-91656C1F0593}.Debug|Any CPU.ActiveCfg = Debug|Any CPU
		{910A07CB-A925-72BD-3826-91656C1F0593}.Debug|Any CPU.Build.0 = Debug|Any CPU
		{910A07CB-A925-72BD-3826-91656C1F0593}.Release|Any CPU.ActiveCfg = Release|Any CPU
		{910A07CB-A925-72BD-3826-91656C1F0593}.Release|Any CPU.Build.0 = Release|Any CPU
		{C26DCC5D-A5EA-FC77-29F8-DCBD67B0E194}.Debug|Any CPU.ActiveCfg = Debug|Any CPU
		{C26DCC5D-A5EA-FC77-29F8-DCBD67B0E194}.Debug|Any CPU.Build.0 = Debug|Any CPU
		{C26DCC5D-A5EA-FC77-29F8-DCBD67B0E194}.Release|Any CPU.ActiveCfg = Release|Any CPU
		{C26DCC5D-A5EA-FC77-29F8-DCBD67B0E194}.Release|Any CPU.Build.0 = Release|Any CPU
		{E52CEFDD-C89B-538F-FAC2-678C9C4DB1F1}.Debug|Any CPU.ActiveCfg = Debug|Any CPU
		{E52CEFDD-C89B-538F-FAC2-678C9C4DB1F1}.Debug|Any CPU.Build.0 = Debug|Any CPU
		{E52CEFDD-C89B-538F-FAC2-678C9C4DB1F1}.Release|Any CPU.ActiveCfg = Release|Any CPU
		{E52CEFDD-C89B-538F-FAC2-678C9C4DB1F1}.Release|Any CPU.Build.0 = Release|Any CPU
		{42AF865E-FB83-B62F-5EAD-6D1AC4F024A6}.Debug|Any CPU.ActiveCfg = Debug|Any CPU
		{42AF865E-FB83-B62F-5EAD-6D1AC4F024A6}.Debug|Any CPU.Build.0 = Debug|Any CPU
		{42AF865E-FB83-B62F-5EAD-6D1AC4F024A6}.Release|Any CPU.ActiveCfg = Release|Any CPU
		{42AF865E-FB83-B62F-5EAD-6D1AC4F024A6}.Release|Any CPU.Build.0 = Release|Any CPU
		{7D8AF279-4E2B-D4E3-F5E9-2E84056456A3}.Debug|Any CPU.ActiveCfg = Debug|Any CPU
		{7D8AF279-4E2B-D4E3-F5E9-2E84056456A3}.Debug|Any CPU.Build.0 = Debug|Any CPU
		{7D8AF279-4E2B-D4E3-F5E9-2E84056456A3}.Release|Any CPU.ActiveCfg = Release|Any CPU
		{7D8AF279-4E2B-D4E3-F5E9-2E84056456A3}.Release|Any CPU.Build.0 = Release|Any CPU
		{5F4179DE-79EF-B9BA-7B7C-A765A5BD445D}.Debug|Any CPU.ActiveCfg = Debug|Any CPU
		{5F4179DE-79EF-B9BA-7B7C-A765A5BD445D}.Debug|Any CPU.Build.0 = Debug|Any CPU
		{5F4179DE-79EF-B9BA-7B7C-A765A5BD445D}.Release|Any CPU.ActiveCfg = Release|Any CPU
		{5F4179DE-79EF-B9BA-7B7C-A765A5BD445D}.Release|Any CPU.Build.0 = Release|Any CPU
		{A1CC7418-63E0-E192-9B83-1050E64EE725}.Debug|Any CPU.ActiveCfg = Debug|Any CPU
		{A1CC7418-63E0-E192-9B83-1050E64EE725}.Debug|Any CPU.Build.0 = Debug|Any CPU
		{A1CC7418-63E0-E192-9B83-1050E64EE725}.Release|Any CPU.ActiveCfg = Release|Any CPU
		{A1CC7418-63E0-E192-9B83-1050E64EE725}.Release|Any CPU.Build.0 = Release|Any CPU
		{C7BB0728-9236-DDAF-4EF6-3A23108F90EC}.Debug|Any CPU.ActiveCfg = Debug|Any CPU
		{C7BB0728-9236-DDAF-4EF6-3A23108F90EC}.Debug|Any CPU.Build.0 = Debug|Any CPU
		{C7BB0728-9236-DDAF-4EF6-3A23108F90EC}.Release|Any CPU.ActiveCfg = Release|Any CPU
		{C7BB0728-9236-DDAF-4EF6-3A23108F90EC}.Release|Any CPU.Build.0 = Release|Any CPU
		{EE658606-60FD-0787-81A4-817DAC28B7B1}.Debug|Any CPU.ActiveCfg = Debug|Any CPU
		{EE658606-60FD-0787-81A4-817DAC28B7B1}.Debug|Any CPU.Build.0 = Debug|Any CPU
		{EE658606-60FD-0787-81A4-817DAC28B7B1}.Release|Any CPU.ActiveCfg = Release|Any CPU
		{EE658606-60FD-0787-81A4-817DAC28B7B1}.Release|Any CPU.Build.0 = Release|Any CPU
		{00070BA3-22FA-0CC2-9D81-D8BD284273CF}.Debug|Any CPU.ActiveCfg = Debug|Any CPU
		{00070BA3-22FA-0CC2-9D81-D8BD284273CF}.Debug|Any CPU.Build.0 = Debug|Any CPU
		{00070BA3-22FA-0CC2-9D81-D8BD284273CF}.Release|Any CPU.ActiveCfg = Release|Any CPU
		{00070BA3-22FA-0CC2-9D81-D8BD284273CF}.Release|Any CPU.Build.0 = Release|Any CPU
		{28BBA9C8-DEB4-3DCF-DCFA-4A7236070067}.Debug|Any CPU.ActiveCfg = Debug|Any CPU
		{28BBA9C8-DEB4-3DCF-DCFA-4A7236070067}.Debug|Any CPU.Build.0 = Debug|Any CPU
		{28BBA9C8-DEB4-3DCF-DCFA-4A7236070067}.Release|Any CPU.ActiveCfg = Release|Any CPU
		{28BBA9C8-DEB4-3DCF-DCFA-4A7236070067}.Release|Any CPU.Build.0 = Release|Any CPU
		{73C2A022-9876-8D08-C33E-71446353642B}.Debug|Any CPU.ActiveCfg = Debug|Any CPU
		{73C2A022-9876-8D08-C33E-71446353642B}.Debug|Any CPU.Build.0 = Debug|Any CPU
		{73C2A022-9876-8D08-C33E-71446353642B}.Release|Any CPU.ActiveCfg = Release|Any CPU
		{73C2A022-9876-8D08-C33E-71446353642B}.Release|Any CPU.Build.0 = Release|Any CPU
		{87A4A585-224D-CD08-F45F-0FD01F27F06B}.Debug|Any CPU.ActiveCfg = Debug|Any CPU
		{87A4A585-224D-CD08-F45F-0FD01F27F06B}.Debug|Any CPU.Build.0 = Debug|Any CPU
		{87A4A585-224D-CD08-F45F-0FD01F27F06B}.Release|Any CPU.ActiveCfg = Release|Any CPU
		{87A4A585-224D-CD08-F45F-0FD01F27F06B}.Release|Any CPU.Build.0 = Release|Any CPU
		{84F8C193-E5BC-18D0-24F5-2338B7A19D6A}.Debug|Any CPU.ActiveCfg = Debug|Any CPU
		{84F8C193-E5BC-18D0-24F5-2338B7A19D6A}.Debug|Any CPU.Build.0 = Debug|Any CPU
		{84F8C193-E5BC-18D0-24F5-2338B7A19D6A}.Release|Any CPU.ActiveCfg = Release|Any CPU
		{84F8C193-E5BC-18D0-24F5-2338B7A19D6A}.Release|Any CPU.Build.0 = Release|Any CPU
		{9DBF7B7A-E15E-29F3-FFAD-3A12FB107A3C}.Debug|Any CPU.ActiveCfg = Debug|Any CPU
		{9DBF7B7A-E15E-29F3-FFAD-3A12FB107A3C}.Debug|Any CPU.Build.0 = Debug|Any CPU
		{9DBF7B7A-E15E-29F3-FFAD-3A12FB107A3C}.Release|Any CPU.ActiveCfg = Release|Any CPU
		{9DBF7B7A-E15E-29F3-FFAD-3A12FB107A3C}.Release|Any CPU.Build.0 = Release|Any CPU
		{F0BB4861-2D92-36AC-FEC8-58297EE3FB61}.Debug|Any CPU.ActiveCfg = Debug|Any CPU
		{F0BB4861-2D92-36AC-FEC8-58297EE3FB61}.Debug|Any CPU.Build.0 = Debug|Any CPU
		{F0BB4861-2D92-36AC-FEC8-58297EE3FB61}.Release|Any CPU.ActiveCfg = Release|Any CPU
		{F0BB4861-2D92-36AC-FEC8-58297EE3FB61}.Release|Any CPU.Build.0 = Release|Any CPU
		{C84FB3ED-C72D-A1D3-2BB9-7B472316CDB4}.Debug|Any CPU.ActiveCfg = Debug|Any CPU
		{C84FB3ED-C72D-A1D3-2BB9-7B472316CDB4}.Debug|Any CPU.Build.0 = Debug|Any CPU
		{C84FB3ED-C72D-A1D3-2BB9-7B472316CDB4}.Release|Any CPU.ActiveCfg = Release|Any CPU
		{C84FB3ED-C72D-A1D3-2BB9-7B472316CDB4}.Release|Any CPU.Build.0 = Release|Any CPU
		{9C42D67E-147A-F726-9998-12FCDB9F295B}.Debug|Any CPU.ActiveCfg = Debug|Any CPU
		{9C42D67E-147A-F726-9998-12FCDB9F295B}.Debug|Any CPU.Build.0 = Debug|Any CPU
		{9C42D67E-147A-F726-9998-12FCDB9F295B}.Release|Any CPU.ActiveCfg = Release|Any CPU
		{9C42D67E-147A-F726-9998-12FCDB9F295B}.Release|Any CPU.Build.0 = Release|Any CPU
		{DAE9E413-E1D8-A523-F529-7D351BB85EF6}.Debug|Any CPU.ActiveCfg = Debug|Any CPU
		{DAE9E413-E1D8-A523-F529-7D351BB85EF6}.Debug|Any CPU.Build.0 = Debug|Any CPU
		{DAE9E413-E1D8-A523-F529-7D351BB85EF6}.Release|Any CPU.ActiveCfg = Release|Any CPU
		{DAE9E413-E1D8-A523-F529-7D351BB85EF6}.Release|Any CPU.Build.0 = Release|Any CPU
		{6082C616-DB29-0AD9-0F3C-9CA962DAF196}.Debug|Any CPU.ActiveCfg = Debug|Any CPU
		{6082C616-DB29-0AD9-0F3C-9CA962DAF196}.Debug|Any CPU.Build.0 = Debug|Any CPU
		{6082C616-DB29-0AD9-0F3C-9CA962DAF196}.Release|Any CPU.ActiveCfg = Release|Any CPU
		{6082C616-DB29-0AD9-0F3C-9CA962DAF196}.Release|Any CPU.Build.0 = Release|Any CPU
		{B7D804F5-6D73-B7F5-CBE1-7353201A8EEE}.Debug|Any CPU.ActiveCfg = Debug|Any CPU
		{B7D804F5-6D73-B7F5-CBE1-7353201A8EEE}.Debug|Any CPU.Build.0 = Debug|Any CPU
		{B7D804F5-6D73-B7F5-CBE1-7353201A8EEE}.Release|Any CPU.ActiveCfg = Release|Any CPU
		{B7D804F5-6D73-B7F5-CBE1-7353201A8EEE}.Release|Any CPU.Build.0 = Release|Any CPU
		{1CF3207B-6482-C2FB-6A81-8AB94E0E23E3}.Debug|Any CPU.ActiveCfg = Debug|Any CPU
		{1CF3207B-6482-C2FB-6A81-8AB94E0E23E3}.Debug|Any CPU.Build.0 = Debug|Any CPU
		{1CF3207B-6482-C2FB-6A81-8AB94E0E23E3}.Release|Any CPU.ActiveCfg = Release|Any CPU
		{1CF3207B-6482-C2FB-6A81-8AB94E0E23E3}.Release|Any CPU.Build.0 = Release|Any CPU
		{2059FA24-10D0-6228-C827-E7917B375983}.Debug|Any CPU.ActiveCfg = Debug|Any CPU
		{2059FA24-10D0-6228-C827-E7917B375983}.Debug|Any CPU.Build.0 = Debug|Any CPU
		{2059FA24-10D0-6228-C827-E7917B375983}.Release|Any CPU.ActiveCfg = Release|Any CPU
		{2059FA24-10D0-6228-C827-E7917B375983}.Release|Any CPU.Build.0 = Release|Any CPU
		{EE78CDB8-189C-D8B5-7392-F39048AED134}.Debug|Any CPU.ActiveCfg = Debug|Any CPU
		{EE78CDB8-189C-D8B5-7392-F39048AED134}.Debug|Any CPU.Build.0 = Debug|Any CPU
		{EE78CDB8-189C-D8B5-7392-F39048AED134}.Release|Any CPU.ActiveCfg = Release|Any CPU
		{EE78CDB8-189C-D8B5-7392-F39048AED134}.Release|Any CPU.Build.0 = Release|Any CPU
	EndGlobalSection
	GlobalSection(SolutionProperties) = preSolution
		HideSolutionNode = FALSE
	EndGlobalSection
EndGlobal
